// !$*UTF8*$!
{
	archiveVersion = 1;
	classes = {
	};
	objectVersion = 56;
	objects = {

/* Begin PBXBuildFile section */
		B82BA70F290398A00041E78D /* CommentCell.swift in Sources */ = {isa = PBXBuildFile; fileRef = B82BA70E290398A00041E78D /* CommentCell.swift */; };
		B879E2CD28FA6D41002A5052 /* PostCell.swift in Sources */ = {isa = PBXBuildFile; fileRef = B879E2CC28FA6D41002A5052 /* PostCell.swift */; };
		B88A331AA9130BC8AC2962C2 /* Pods_jiujiu.framework in Frameworks */ = {isa = PBXBuildFile; fileRef = 596FE286EE1C2B9F1ABC33B9 /* Pods_jiujiu.framework */; };
		B8B7EA9F28FA22D800FB36B9 /* AppDelegate.swift in Sources */ = {isa = PBXBuildFile; fileRef = B8B7EA9E28FA22D800FB36B9 /* AppDelegate.swift */; };
		B8B7EAA128FA22D800FB36B9 /* SceneDelegate.swift in Sources */ = {isa = PBXBuildFile; fileRef = B8B7EAA028FA22D800FB36B9 /* SceneDelegate.swift */; };
		B8B7EAA628FA22D800FB36B9 /* Main.storyboard in Resources */ = {isa = PBXBuildFile; fileRef = B8B7EAA428FA22D800FB36B9 /* Main.storyboard */; };
		B8B7EAA828FA22D900FB36B9 /* Assets.xcassets in Resources */ = {isa = PBXBuildFile; fileRef = B8B7EAA728FA22D900FB36B9 /* Assets.xcassets */; };
		B8B7EAAB28FA22D900FB36B9 /* LaunchScreen.storyboard in Resources */ = {isa = PBXBuildFile; fileRef = B8B7EAA928FA22D900FB36B9 /* LaunchScreen.storyboard */; };
		B8B7EAB628FA22DA00FB36B9 /* jiujiuTests.swift in Sources */ = {isa = PBXBuildFile; fileRef = B8B7EAB528FA22DA00FB36B9 /* jiujiuTests.swift */; };
		B8B7EAC028FA22DA00FB36B9 /* jiujiuUITests.swift in Sources */ = {isa = PBXBuildFile; fileRef = B8B7EABF28FA22DA00FB36B9 /* jiujiuUITests.swift */; };
		B8B7EAC228FA22DA00FB36B9 /* jiujiuUITestsLaunchTests.swift in Sources */ = {isa = PBXBuildFile; fileRef = B8B7EAC128FA22DA00FB36B9 /* jiujiuUITestsLaunchTests.swift */; };
		B8B7EACF28FA391B00FB36B9 /* LoginViewController.swift in Sources */ = {isa = PBXBuildFile; fileRef = B8B7EACE28FA391B00FB36B9 /* LoginViewController.swift */; };
		B8B7EAD128FA393100FB36B9 /* FeedViewController.swift in Sources */ = {isa = PBXBuildFile; fileRef = B8B7EAD028FA393100FB36B9 /* FeedViewController.swift */; };
		B8C1B97828FA5B2E00C9DB79 /* CameraViewController.swift in Sources */ = {isa = PBXBuildFile; fileRef = B8C1B97728FA5B2E00C9DB79 /* CameraViewController.swift */; };
/* End PBXBuildFile section */

/* Begin PBXContainerItemProxy section */
		B8B7EAB228FA22DA00FB36B9 /* PBXContainerItemProxy */ = {
			isa = PBXContainerItemProxy;
			containerPortal = B8B7EA9328FA22D800FB36B9 /* Project object */;
			proxyType = 1;
			remoteGlobalIDString = B8B7EA9A28FA22D800FB36B9;
			remoteInfo = jiujiu;
		};
		B8B7EABC28FA22DA00FB36B9 /* PBXContainerItemProxy */ = {
			isa = PBXContainerItemProxy;
			containerPortal = B8B7EA9328FA22D800FB36B9 /* Project object */;
			proxyType = 1;
			remoteGlobalIDString = B8B7EA9A28FA22D800FB36B9;
			remoteInfo = jiujiu;
		};
/* End PBXContainerItemProxy section */

/* Begin PBXFileReference section */
		11DC0C4F7D9409421829786A /* Pods-jiujiu.release.xcconfig */ = {isa = PBXFileReference; includeInIndex = 1; lastKnownFileType = text.xcconfig; name = "Pods-jiujiu.release.xcconfig"; path = "Target Support Files/Pods-jiujiu/Pods-jiujiu.release.xcconfig"; sourceTree = "<group>"; };
		2041BB727AC96652E8D6B24F /* Pods-jiujiu.debug.xcconfig */ = {isa = PBXFileReference; includeInIndex = 1; lastKnownFileType = text.xcconfig; name = "Pods-jiujiu.debug.xcconfig"; path = "Target Support Files/Pods-jiujiu/Pods-jiujiu.debug.xcconfig"; sourceTree = "<group>"; };
		596FE286EE1C2B9F1ABC33B9 /* Pods_jiujiu.framework */ = {isa = PBXFileReference; explicitFileType = wrapper.framework; includeInIndex = 0; path = Pods_jiujiu.framework; sourceTree = BUILT_PRODUCTS_DIR; };
		B82BA70E290398A00041E78D /* CommentCell.swift */ = {isa = PBXFileReference; lastKnownFileType = sourcecode.swift; path = CommentCell.swift; sourceTree = "<group>"; };
		B879E2CC28FA6D41002A5052 /* PostCell.swift */ = {isa = PBXFileReference; lastKnownFileType = sourcecode.swift; path = PostCell.swift; sourceTree = "<group>"; };
		B8B7EA9B28FA22D800FB36B9 /* jiujiu.app */ = {isa = PBXFileReference; explicitFileType = wrapper.application; includeInIndex = 0; path = jiujiu.app; sourceTree = BUILT_PRODUCTS_DIR; };
		B8B7EA9E28FA22D800FB36B9 /* AppDelegate.swift */ = {isa = PBXFileReference; lastKnownFileType = sourcecode.swift; path = AppDelegate.swift; sourceTree = "<group>"; };
		B8B7EAA028FA22D800FB36B9 /* SceneDelegate.swift */ = {isa = PBXFileReference; lastKnownFileType = sourcecode.swift; path = SceneDelegate.swift; sourceTree = "<group>"; };
		B8B7EAA528FA22D800FB36B9 /* Base */ = {isa = PBXFileReference; lastKnownFileType = file.storyboard; name = Base; path = Base.lproj/Main.storyboard; sourceTree = "<group>"; };
		B8B7EAA728FA22D900FB36B9 /* Assets.xcassets */ = {isa = PBXFileReference; lastKnownFileType = folder.assetcatalog; path = Assets.xcassets; sourceTree = "<group>"; };
		B8B7EAAA28FA22D900FB36B9 /* Base */ = {isa = PBXFileReference; lastKnownFileType = file.storyboard; name = Base; path = Base.lproj/LaunchScreen.storyboard; sourceTree = "<group>"; };
		B8B7EAAC28FA22D900FB36B9 /* Info.plist */ = {isa = PBXFileReference; lastKnownFileType = text.plist.xml; path = Info.plist; sourceTree = "<group>"; };
		B8B7EAB128FA22DA00FB36B9 /* jiujiuTests.xctest */ = {isa = PBXFileReference; explicitFileType = wrapper.cfbundle; includeInIndex = 0; path = jiujiuTests.xctest; sourceTree = BUILT_PRODUCTS_DIR; };
		B8B7EAB528FA22DA00FB36B9 /* jiujiuTests.swift */ = {isa = PBXFileReference; lastKnownFileType = sourcecode.swift; path = jiujiuTests.swift; sourceTree = "<group>"; };
		B8B7EABB28FA22DA00FB36B9 /* jiujiuUITests.xctest */ = {isa = PBXFileReference; explicitFileType = wrapper.cfbundle; includeInIndex = 0; path = jiujiuUITests.xctest; sourceTree = BUILT_PRODUCTS_DIR; };
		B8B7EABF28FA22DA00FB36B9 /* jiujiuUITests.swift */ = {isa = PBXFileReference; lastKnownFileType = sourcecode.swift; path = jiujiuUITests.swift; sourceTree = "<group>"; };
		B8B7EAC128FA22DA00FB36B9 /* jiujiuUITestsLaunchTests.swift */ = {isa = PBXFileReference; lastKnownFileType = sourcecode.swift; path = jiujiuUITestsLaunchTests.swift; sourceTree = "<group>"; };
		B8B7EACE28FA391B00FB36B9 /* LoginViewController.swift */ = {isa = PBXFileReference; lastKnownFileType = sourcecode.swift; path = LoginViewController.swift; sourceTree = "<group>"; };
		B8B7EAD028FA393100FB36B9 /* FeedViewController.swift */ = {isa = PBXFileReference; lastKnownFileType = sourcecode.swift; path = FeedViewController.swift; sourceTree = "<group>"; };
		B8C1B97728FA5B2E00C9DB79 /* CameraViewController.swift */ = {isa = PBXFileReference; lastKnownFileType = sourcecode.swift; path = CameraViewController.swift; sourceTree = "<group>"; };
/* End PBXFileReference section */

/* Begin PBXFrameworksBuildPhase section */
		B8B7EA9828FA22D800FB36B9 /* Frameworks */ = {
			isa = PBXFrameworksBuildPhase;
			buildActionMask = 2147483647;
			files = (
				B88A331AA9130BC8AC2962C2 /* Pods_jiujiu.framework in Frameworks */,
			);
			runOnlyForDeploymentPostprocessing = 0;
		};
		B8B7EAAE28FA22DA00FB36B9 /* Frameworks */ = {
			isa = PBXFrameworksBuildPhase;
			buildActionMask = 2147483647;
			files = (
			);
			runOnlyForDeploymentPostprocessing = 0;
		};
		B8B7EAB828FA22DA00FB36B9 /* Frameworks */ = {
			isa = PBXFrameworksBuildPhase;
			buildActionMask = 2147483647;
			files = (
			);
			runOnlyForDeploymentPostprocessing = 0;
		};
/* End PBXFrameworksBuildPhase section */

/* Begin PBXGroup section */
		20CE2D7C9F8BA863BC84A516 /* Pods */ = {
			isa = PBXGroup;
			children = (
				2041BB727AC96652E8D6B24F /* Pods-jiujiu.debug.xcconfig */,
				11DC0C4F7D9409421829786A /* Pods-jiujiu.release.xcconfig */,
			);
			path = Pods;
			sourceTree = "<group>";
		};
		7F9D80B15FBDB280A7D9CEF8 /* Frameworks */ = {
			isa = PBXGroup;
			children = (
				596FE286EE1C2B9F1ABC33B9 /* Pods_jiujiu.framework */,
			);
			name = Frameworks;
			sourceTree = "<group>";
		};
		B8B7EA9228FA22D800FB36B9 = {
			isa = PBXGroup;
			children = (
				B8B7EA9D28FA22D800FB36B9 /* jiujiu */,
				B8B7EAB428FA22DA00FB36B9 /* jiujiuTests */,
				B8B7EABE28FA22DA00FB36B9 /* jiujiuUITests */,
				B8B7EA9C28FA22D800FB36B9 /* Products */,
				20CE2D7C9F8BA863BC84A516 /* Pods */,
				7F9D80B15FBDB280A7D9CEF8 /* Frameworks */,
			);
			sourceTree = "<group>";
		};
		B8B7EA9C28FA22D800FB36B9 /* Products */ = {
			isa = PBXGroup;
			children = (
				B8B7EA9B28FA22D800FB36B9 /* jiujiu.app */,
				B8B7EAB128FA22DA00FB36B9 /* jiujiuTests.xctest */,
				B8B7EABB28FA22DA00FB36B9 /* jiujiuUITests.xctest */,
			);
			name = Products;
			sourceTree = "<group>";
		};
		B8B7EA9D28FA22D800FB36B9 /* jiujiu */ = {
			isa = PBXGroup;
			children = (
				B8B7EA9E28FA22D800FB36B9 /* AppDelegate.swift */,
				B8B7EAA028FA22D800FB36B9 /* SceneDelegate.swift */,
				B8B7EAA428FA22D800FB36B9 /* Main.storyboard */,
				B8B7EAA728FA22D900FB36B9 /* Assets.xcassets */,
				B8B7EAA928FA22D900FB36B9 /* LaunchScreen.storyboard */,
				B8B7EAAC28FA22D900FB36B9 /* Info.plist */,
				B8B7EACE28FA391B00FB36B9 /* LoginViewController.swift */,
				B8B7EAD028FA393100FB36B9 /* FeedViewController.swift */,
				B8C1B97728FA5B2E00C9DB79 /* CameraViewController.swift */,
				B879E2CC28FA6D41002A5052 /* PostCell.swift */,
				B82BA70E290398A00041E78D /* CommentCell.swift */,
			);
			path = jiujiu;
			sourceTree = "<group>";
		};
		B8B7EAB428FA22DA00FB36B9 /* jiujiuTests */ = {
			isa = PBXGroup;
			children = (
				B8B7EAB528FA22DA00FB36B9 /* jiujiuTests.swift */,
			);
			path = jiujiuTests;
			sourceTree = "<group>";
		};
		B8B7EABE28FA22DA00FB36B9 /* jiujiuUITests */ = {
			isa = PBXGroup;
			children = (
				B8B7EABF28FA22DA00FB36B9 /* jiujiuUITests.swift */,
				B8B7EAC128FA22DA00FB36B9 /* jiujiuUITestsLaunchTests.swift */,
			);
			path = jiujiuUITests;
			sourceTree = "<group>";
		};
/* End PBXGroup section */

/* Begin PBXNativeTarget section */
		B8B7EA9A28FA22D800FB36B9 /* jiujiu */ = {
			isa = PBXNativeTarget;
			buildConfigurationList = B8B7EAC528FA22DA00FB36B9 /* Build configuration list for PBXNativeTarget "jiujiu" */;
			buildPhases = (
				A2EDBDD8812A991745E8323F /* [CP] Check Pods Manifest.lock */,
				B8B7EA9728FA22D800FB36B9 /* Sources */,
				B8B7EA9828FA22D800FB36B9 /* Frameworks */,
				B8B7EA9928FA22D800FB36B9 /* Resources */,
				7D1B755F1B25C43EE3D12B14 /* [CP] Embed Pods Frameworks */,
			);
			buildRules = (
			);
			dependencies = (
			);
			name = jiujiu;
			productName = jiujiu;
			productReference = B8B7EA9B28FA22D800FB36B9 /* jiujiu.app */;
			productType = "com.apple.product-type.application";
		};
		B8B7EAB028FA22DA00FB36B9 /* jiujiuTests */ = {
			isa = PBXNativeTarget;
			buildConfigurationList = B8B7EAC828FA22DA00FB36B9 /* Build configuration list for PBXNativeTarget "jiujiuTests" */;
			buildPhases = (
				B8B7EAAD28FA22DA00FB36B9 /* Sources */,
				B8B7EAAE28FA22DA00FB36B9 /* Frameworks */,
				B8B7EAAF28FA22DA00FB36B9 /* Resources */,
			);
			buildRules = (
			);
			dependencies = (
				B8B7EAB328FA22DA00FB36B9 /* PBXTargetDependency */,
			);
			name = jiujiuTests;
			productName = jiujiuTests;
			productReference = B8B7EAB128FA22DA00FB36B9 /* jiujiuTests.xctest */;
			productType = "com.apple.product-type.bundle.unit-test";
		};
		B8B7EABA28FA22DA00FB36B9 /* jiujiuUITests */ = {
			isa = PBXNativeTarget;
			buildConfigurationList = B8B7EACB28FA22DA00FB36B9 /* Build configuration list for PBXNativeTarget "jiujiuUITests" */;
			buildPhases = (
				B8B7EAB728FA22DA00FB36B9 /* Sources */,
				B8B7EAB828FA22DA00FB36B9 /* Frameworks */,
				B8B7EAB928FA22DA00FB36B9 /* Resources */,
			);
			buildRules = (
			);
			dependencies = (
				B8B7EABD28FA22DA00FB36B9 /* PBXTargetDependency */,
			);
			name = jiujiuUITests;
			productName = jiujiuUITests;
			productReference = B8B7EABB28FA22DA00FB36B9 /* jiujiuUITests.xctest */;
			productType = "com.apple.product-type.bundle.ui-testing";
		};
/* End PBXNativeTarget section */

/* Begin PBXProject section */
		B8B7EA9328FA22D800FB36B9 /* Project object */ = {
			isa = PBXProject;
			attributes = {
				BuildIndependentTargetsInParallel = 1;
				LastSwiftUpdateCheck = 1400;
				LastUpgradeCheck = 1400;
				TargetAttributes = {
					B8B7EA9A28FA22D800FB36B9 = {
						CreatedOnToolsVersion = 14.0.1;
					};
					B8B7EAB028FA22DA00FB36B9 = {
						CreatedOnToolsVersion = 14.0.1;
						TestTargetID = B8B7EA9A28FA22D800FB36B9;
					};
					B8B7EABA28FA22DA00FB36B9 = {
						CreatedOnToolsVersion = 14.0.1;
						TestTargetID = B8B7EA9A28FA22D800FB36B9;
					};
				};
			};
			buildConfigurationList = B8B7EA9628FA22D800FB36B9 /* Build configuration list for PBXProject "jiujiu" */;
			compatibilityVersion = "Xcode 14.0";
			developmentRegion = en;
			hasScannedForEncodings = 0;
			knownRegions = (
				en,
				Base,
			);
			mainGroup = B8B7EA9228FA22D800FB36B9;
			productRefGroup = B8B7EA9C28FA22D800FB36B9 /* Products */;
			projectDirPath = "";
			projectRoot = "";
			targets = (
				B8B7EA9A28FA22D800FB36B9 /* jiujiu */,
				B8B7EAB028FA22DA00FB36B9 /* jiujiuTests */,
				B8B7EABA28FA22DA00FB36B9 /* jiujiuUITests */,
			);
		};
/* End PBXProject section */

/* Begin PBXResourcesBuildPhase section */
		B8B7EA9928FA22D800FB36B9 /* Resources */ = {
			isa = PBXResourcesBuildPhase;
			buildActionMask = 2147483647;
			files = (
				B8B7EAAB28FA22D900FB36B9 /* LaunchScreen.storyboard in Resources */,
				B8B7EAA828FA22D900FB36B9 /* Assets.xcassets in Resources */,
				B8B7EAA628FA22D800FB36B9 /* Main.storyboard in Resources */,
			);
			runOnlyForDeploymentPostprocessing = 0;
		};
		B8B7EAAF28FA22DA00FB36B9 /* Resources */ = {
			isa = PBXResourcesBuildPhase;
			buildActionMask = 2147483647;
			files = (
			);
			runOnlyForDeploymentPostprocessing = 0;
		};
		B8B7EAB928FA22DA00FB36B9 /* Resources */ = {
			isa = PBXResourcesBuildPhase;
			buildActionMask = 2147483647;
			files = (
			);
			runOnlyForDeploymentPostprocessing = 0;
		};
/* End PBXResourcesBuildPhase section */

/* Begin PBXShellScriptBuildPhase section */
		7D1B755F1B25C43EE3D12B14 /* [CP] Embed Pods Frameworks */ = {
			isa = PBXShellScriptBuildPhase;
			buildActionMask = 2147483647;
			files = (
			);
			inputFileListPaths = (
				"${PODS_ROOT}/Target Support Files/Pods-jiujiu/Pods-jiujiu-frameworks-${CONFIGURATION}-input-files.xcfilelist",
			);
			name = "[CP] Embed Pods Frameworks";
			outputFileListPaths = (
				"${PODS_ROOT}/Target Support Files/Pods-jiujiu/Pods-jiujiu-frameworks-${CONFIGURATION}-output-files.xcfilelist",
			);
			runOnlyForDeploymentPostprocessing = 0;
			shellPath = /bin/sh;
			shellScript = "\"${PODS_ROOT}/Target Support Files/Pods-jiujiu/Pods-jiujiu-frameworks.sh\"\n";
			showEnvVarsInLog = 0;
		};
		A2EDBDD8812A991745E8323F /* [CP] Check Pods Manifest.lock */ = {
			isa = PBXShellScriptBuildPhase;
			buildActionMask = 2147483647;
			files = (
			);
			inputFileListPaths = (
			);
			inputPaths = (
				"${PODS_PODFILE_DIR_PATH}/Podfile.lock",
				"${PODS_ROOT}/Manifest.lock",
			);
			name = "[CP] Check Pods Manifest.lock";
			outputFileListPaths = (
			);
			outputPaths = (
				"$(DERIVED_FILE_DIR)/Pods-jiujiu-checkManifestLockResult.txt",
			);
			runOnlyForDeploymentPostprocessing = 0;
			shellPath = /bin/sh;
			shellScript = "diff \"${PODS_PODFILE_DIR_PATH}/Podfile.lock\" \"${PODS_ROOT}/Manifest.lock\" > /dev/null\nif [ $? != 0 ] ; then\n    # print error to STDERR\n    echo \"error: The sandbox is not in sync with the Podfile.lock. Run 'pod install' or update your CocoaPods installation.\" >&2\n    exit 1\nfi\n# This output is used by Xcode 'outputs' to avoid re-running this script phase.\necho \"SUCCESS\" > \"${SCRIPT_OUTPUT_FILE_0}\"\n";
			showEnvVarsInLog = 0;
		};
/* End PBXShellScriptBuildPhase section */

/* Begin PBXSourcesBuildPhase section */
		B8B7EA9728FA22D800FB36B9 /* Sources */ = {
			isa = PBXSourcesBuildPhase;
			buildActionMask = 2147483647;
			files = (
				B8B7EACF28FA391B00FB36B9 /* LoginViewController.swift in Sources */,
				B8C1B97828FA5B2E00C9DB79 /* CameraViewController.swift in Sources */,
				B8B7EA9F28FA22D800FB36B9 /* AppDelegate.swift in Sources */,
				B8B7EAD128FA393100FB36B9 /* FeedViewController.swift in Sources */,
				B8B7EAA128FA22D800FB36B9 /* SceneDelegate.swift in Sources */,
				B879E2CD28FA6D41002A5052 /* PostCell.swift in Sources */,
				B82BA70F290398A00041E78D /* CommentCell.swift in Sources */,
			);
			runOnlyForDeploymentPostprocessing = 0;
		};
		B8B7EAAD28FA22DA00FB36B9 /* Sources */ = {
			isa = PBXSourcesBuildPhase;
			buildActionMask = 2147483647;
			files = (
				B8B7EAB628FA22DA00FB36B9 /* jiujiuTests.swift in Sources */,
			);
			runOnlyForDeploymentPostprocessing = 0;
		};
		B8B7EAB728FA22DA00FB36B9 /* Sources */ = {
			isa = PBXSourcesBuildPhase;
			buildActionMask = 2147483647;
			files = (
				B8B7EAC228FA22DA00FB36B9 /* jiujiuUITestsLaunchTests.swift in Sources */,
				B8B7EAC028FA22DA00FB36B9 /* jiujiuUITests.swift in Sources */,
			);
			runOnlyForDeploymentPostprocessing = 0;
		};
/* End PBXSourcesBuildPhase section */

/* Begin PBXTargetDependency section */
		B8B7EAB328FA22DA00FB36B9 /* PBXTargetDependency */ = {
			isa = PBXTargetDependency;
			target = B8B7EA9A28FA22D800FB36B9 /* jiujiu */;
			targetProxy = B8B7EAB228FA22DA00FB36B9 /* PBXContainerItemProxy */;
		};
		B8B7EABD28FA22DA00FB36B9 /* PBXTargetDependency */ = {
			isa = PBXTargetDependency;
			target = B8B7EA9A28FA22D800FB36B9 /* jiujiu */;
			targetProxy = B8B7EABC28FA22DA00FB36B9 /* PBXContainerItemProxy */;
		};
/* End PBXTargetDependency section */

/* Begin PBXVariantGroup section */
		B8B7EAA428FA22D800FB36B9 /* Main.storyboard */ = {
			isa = PBXVariantGroup;
			children = (
				B8B7EAA528FA22D800FB36B9 /* Base */,
			);
			name = Main.storyboard;
			sourceTree = "<group>";
		};
		B8B7EAA928FA22D900FB36B9 /* LaunchScreen.storyboard */ = {
			isa = PBXVariantGroup;
			children = (
				B8B7EAAA28FA22D900FB36B9 /* Base */,
			);
			name = LaunchScreen.storyboard;
			sourceTree = "<group>";
		};
/* End PBXVariantGroup section */

/* Begin XCBuildConfiguration section */
		B8B7EAC328FA22DA00FB36B9 /* Debug */ = {
			isa = XCBuildConfiguration;
			buildSettings = {
				ALWAYS_SEARCH_USER_PATHS = NO;
				CLANG_ANALYZER_NONNULL = YES;
				CLANG_ANALYZER_NUMBER_OBJECT_CONVERSION = YES_AGGRESSIVE;
				CLANG_CXX_LANGUAGE_STANDARD = "gnu++20";
				CLANG_ENABLE_MODULES = YES;
				CLANG_ENABLE_OBJC_ARC = YES;
				CLANG_ENABLE_OBJC_WEAK = YES;
				CLANG_WARN_BLOCK_CAPTURE_AUTORELEASING = YES;
				CLANG_WARN_BOOL_CONVERSION = YES;
				CLANG_WARN_COMMA = YES;
				CLANG_WARN_CONSTANT_CONVERSION = YES;
				CLANG_WARN_DEPRECATED_OBJC_IMPLEMENTATIONS = YES;
				CLANG_WARN_DIRECT_OBJC_ISA_USAGE = YES_ERROR;
				CLANG_WARN_DOCUMENTATION_COMMENTS = YES;
				CLANG_WARN_EMPTY_BODY = YES;
				CLANG_WARN_ENUM_CONVERSION = YES;
				CLANG_WARN_INFINITE_RECURSION = YES;
				CLANG_WARN_INT_CONVERSION = YES;
				CLANG_WARN_NON_LITERAL_NULL_CONVERSION = YES;
				CLANG_WARN_OBJC_IMPLICIT_RETAIN_SELF = YES;
				CLANG_WARN_OBJC_LITERAL_CONVERSION = YES;
				CLANG_WARN_OBJC_ROOT_CLASS = YES_ERROR;
				CLANG_WARN_QUOTED_INCLUDE_IN_FRAMEWORK_HEADER = YES;
				CLANG_WARN_RANGE_LOOP_ANALYSIS = YES;
				CLANG_WARN_STRICT_PROTOTYPES = YES;
				CLANG_WARN_SUSPICIOUS_MOVE = YES;
				CLANG_WARN_UNGUARDED_AVAILABILITY = YES_AGGRESSIVE;
				CLANG_WARN_UNREACHABLE_CODE = YES;
				CLANG_WARN__DUPLICATE_METHOD_MATCH = YES;
				COPY_PHASE_STRIP = NO;
				DEBUG_INFORMATION_FORMAT = dwarf;
				ENABLE_STRICT_OBJC_MSGSEND = YES;
				ENABLE_TESTABILITY = YES;
				GCC_C_LANGUAGE_STANDARD = gnu11;
				GCC_DYNAMIC_NO_PIC = NO;
				GCC_NO_COMMON_BLOCKS = YES;
				GCC_OPTIMIZATION_LEVEL = 0;
				GCC_PREPROCESSOR_DEFINITIONS = (
					"DEBUG=1",
					"$(inherited)",
				);
				GCC_WARN_64_TO_32_BIT_CONVERSION = YES;
				GCC_WARN_ABOUT_RETURN_TYPE = YES_ERROR;
				GCC_WARN_UNDECLARED_SELECTOR = YES;
				GCC_WARN_UNINITIALIZED_AUTOS = YES_AGGRESSIVE;
				GCC_WARN_UNUSED_FUNCTION = YES;
				GCC_WARN_UNUSED_VARIABLE = YES;
				IPHONEOS_DEPLOYMENT_TARGET = 16.0;
				MTL_ENABLE_DEBUG_INFO = INCLUDE_SOURCE;
				MTL_FAST_MATH = YES;
				ONLY_ACTIVE_ARCH = YES;
				SDKROOT = iphoneos;
				SWIFT_ACTIVE_COMPILATION_CONDITIONS = DEBUG;
				SWIFT_OPTIMIZATION_LEVEL = "-Onone";
			};
			name = Debug;
		};
		B8B7EAC428FA22DA00FB36B9 /* Release */ = {
			isa = XCBuildConfiguration;
			buildSettings = {
				ALWAYS_SEARCH_USER_PATHS = NO;
				CLANG_ANALYZER_NONNULL = YES;
				CLANG_ANALYZER_NUMBER_OBJECT_CONVERSION = YES_AGGRESSIVE;
				CLANG_CXX_LANGUAGE_STANDARD = "gnu++20";
				CLANG_ENABLE_MODULES = YES;
				CLANG_ENABLE_OBJC_ARC = YES;
				CLANG_ENABLE_OBJC_WEAK = YES;
				CLANG_WARN_BLOCK_CAPTURE_AUTORELEASING = YES;
				CLANG_WARN_BOOL_CONVERSION = YES;
				CLANG_WARN_COMMA = YES;
				CLANG_WARN_CONSTANT_CONVERSION = YES;
				CLANG_WARN_DEPRECATED_OBJC_IMPLEMENTATIONS = YES;
				CLANG_WARN_DIRECT_OBJC_ISA_USAGE = YES_ERROR;
				CLANG_WARN_DOCUMENTATION_COMMENTS = YES;
				CLANG_WARN_EMPTY_BODY = YES;
				CLANG_WARN_ENUM_CONVERSION = YES;
				CLANG_WARN_INFINITE_RECURSION = YES;
				CLANG_WARN_INT_CONVERSION = YES;
				CLANG_WARN_NON_LITERAL_NULL_CONVERSION = YES;
				CLANG_WARN_OBJC_IMPLICIT_RETAIN_SELF = YES;
				CLANG_WARN_OBJC_LITERAL_CONVERSION = YES;
				CLANG_WARN_OBJC_ROOT_CLASS = YES_ERROR;
				CLANG_WARN_QUOTED_INCLUDE_IN_FRAMEWORK_HEADER = YES;
				CLANG_WARN_RANGE_LOOP_ANALYSIS = YES;
				CLANG_WARN_STRICT_PROTOTYPES = YES;
				CLANG_WARN_SUSPICIOUS_MOVE = YES;
				CLANG_WARN_UNGUARDED_AVAILABILITY = YES_AGGRESSIVE;
				CLANG_WARN_UNREACHABLE_CODE = YES;
				CLANG_WARN__DUPLICATE_METHOD_MATCH = YES;
				COPY_PHASE_STRIP = NO;
				DEBUG_INFORMATION_FORMAT = "dwarf-with-dsym";
				ENABLE_NS_ASSERTIONS = NO;
				ENABLE_STRICT_OBJC_MSGSEND = YES;
				GCC_C_LANGUAGE_STANDARD = gnu11;
				GCC_NO_COMMON_BLOCKS = YES;
				GCC_WARN_64_TO_32_BIT_CONVERSION = YES;
				GCC_WARN_ABOUT_RETURN_TYPE = YES_ERROR;
				GCC_WARN_UNDECLARED_SELECTOR = YES;
				GCC_WARN_UNINITIALIZED_AUTOS = YES_AGGRESSIVE;
				GCC_WARN_UNUSED_FUNCTION = YES;
				GCC_WARN_UNUSED_VARIABLE = YES;
				IPHONEOS_DEPLOYMENT_TARGET = 16.0;
				MTL_ENABLE_DEBUG_INFO = NO;
				MTL_FAST_MATH = YES;
				SDKROOT = iphoneos;
				SWIFT_COMPILATION_MODE = wholemodule;
				SWIFT_OPTIMIZATION_LEVEL = "-O";
				VALIDATE_PRODUCT = YES;
			};
			name = Release;
		};
		B8B7EAC628FA22DA00FB36B9 /* Debug */ = {
			isa = XCBuildConfiguration;
			baseConfigurationReference = 2041BB727AC96652E8D6B24F /* Pods-jiujiu.debug.xcconfig */;
			buildSettings = {
				ASSETCATALOG_COMPILER_APPICON_NAME = AppIcon;
				ASSETCATALOG_COMPILER_GLOBAL_ACCENT_COLOR_NAME = AccentColor;
				CODE_SIGN_STYLE = Automatic;
				CURRENT_PROJECT_VERSION = 1;
				DEVELOPMENT_TEAM = 6QR5LVZHPD;
				GENERATE_INFOPLIST_FILE = YES;
				INFOPLIST_FILE = jiujiu/Info.plist;
				INFOPLIST_KEY_UIApplicationSupportsIndirectInputEvents = YES;
				INFOPLIST_KEY_UILaunchStoryboardName = LaunchScreen;
				INFOPLIST_KEY_UIMainStoryboardFile = Main;
				INFOPLIST_KEY_UISupportedInterfaceOrientations_iPad = "UIInterfaceOrientationPortrait UIInterfaceOrientationPortraitUpsideDown UIInterfaceOrientationLandscapeLeft UIInterfaceOrientationLandscapeRight";
				INFOPLIST_KEY_UISupportedInterfaceOrientations_iPhone = "UIInterfaceOrientationPortrait UIInterfaceOrientationLandscapeLeft UIInterfaceOrientationLandscapeRight";
				LD_RUNPATH_SEARCH_PATHS = (
					"$(inherited)",
					"@executable_path/Frameworks",
				);
				MARKETING_VERSION = 1.0;
				PRODUCT_BUNDLE_IDENTIFIER = com.baoluy.jiujiu;
				PRODUCT_NAME = "$(TARGET_NAME)";
				SWIFT_EMIT_LOC_STRINGS = YES;
				SWIFT_VERSION = 5.0;
				TARGETED_DEVICE_FAMILY = "1,2";
			};
			name = Debug;
		};
		B8B7EAC728FA22DA00FB36B9 /* Release */ = {
			isa = XCBuildConfiguration;
			baseConfigurationReference = 11DC0C4F7D9409421829786A /* Pods-jiujiu.release.xcconfig */;
			buildSettings = {
				ASSETCATALOG_COMPILER_APPICON_NAME = AppIcon;
				ASSETCATALOG_COMPILER_GLOBAL_ACCENT_COLOR_NAME = AccentColor;
				CODE_SIGN_STYLE = Automatic;
				CURRENT_PROJECT_VERSION = 1;
				DEVELOPMENT_TEAM = 6QR5LVZHPD;
				GENERATE_INFOPLIST_FILE = YES;
				INFOPLIST_FILE = jiujiu/Info.plist;
				INFOPLIST_KEY_UIApplicationSupportsIndirectInputEvents = YES;
				INFOPLIST_KEY_UILaunchStoryboardName = LaunchScreen;
				INFOPLIST_KEY_UIMainStoryboardFile = Main;
				INFOPLIST_KEY_UISupportedInterfaceOrientations_iPad = "UIInterfaceOrientationPortrait UIInterfaceOrientationPortraitUpsideDown UIInterfaceOrientationLandscapeLeft UIInterfaceOrientationLandscapeRight";
				INFOPLIST_KEY_UISupportedInterfaceOrientations_iPhone = "UIInterfaceOrientationPortrait UIInterfaceOrientationLandscapeLeft UIInterfaceOrientationLandscapeRight";
				LD_RUNPATH_SEARCH_PATHS = (
					"$(inherited)",
					"@executable_path/Frameworks",
				);
				MARKETING_VERSION = 1.0;
				PRODUCT_BUNDLE_IDENTIFIER = com.baoluy.jiujiu;
				PRODUCT_NAME = "$(TARGET_NAME)";
				SWIFT_EMIT_LOC_STRINGS = YES;
				SWIFT_VERSION = 5.0;
				TARGETED_DEVICE_FAMILY = "1,2";
			};
			name = Release;
		};
		B8B7EAC928FA22DA00FB36B9 /* Debug */ = {
			isa = XCBuildConfiguration;
			buildSettings = {
				ALWAYS_EMBED_SWIFT_STANDARD_LIBRARIES = YES;
				BUNDLE_LOADER = "$(TEST_HOST)";
				CODE_SIGN_STYLE = Automatic;
				CURRENT_PROJECT_VERSION = 1;
				DEVELOPMENT_TEAM = 6QR5LVZHPD;
				GENERATE_INFOPLIST_FILE = YES;
				IPHONEOS_DEPLOYMENT_TARGET = 16.0;
				MARKETING_VERSION = 1.0;
				PRODUCT_BUNDLE_IDENTIFIER = com.baoluy.jiujiuTests;
				PRODUCT_NAME = "$(TARGET_NAME)";
				SWIFT_EMIT_LOC_STRINGS = NO;
				SWIFT_VERSION = 5.0;
				TARGETED_DEVICE_FAMILY = "1,2";
				TEST_HOST = "$(BUILT_PRODUCTS_DIR)/jiujiu.app/$(BUNDLE_EXECUTABLE_FOLDER_PATH)/jiujiu";
			};
			name = Debug;
		};
		B8B7EACA28FA22DA00FB36B9 /* Release */ = {
			isa = XCBuildConfiguration;
			buildSettings = {
				ALWAYS_EMBED_SWIFT_STANDARD_LIBRARIES = YES;
				BUNDLE_LOADER = "$(TEST_HOST)";
				CODE_SIGN_STYLE = Automatic;
				CURRENT_PROJECT_VERSION = 1;
				DEVELOPMENT_TEAM = 6QR5LVZHPD;
				GENERATE_INFOPLIST_FILE = YES;
				IPHONEOS_DEPLOYMENT_TARGET = 16.0;
				MARKETING_VERSION = 1.0;
				PRODUCT_BUNDLE_IDENTIFIER = com.baoluy.jiujiuTests;
				PRODUCT_NAME = "$(TARGET_NAME)";
				SWIFT_EMIT_LOC_STRINGS = NO;
				SWIFT_VERSION = 5.0;
				TARGETED_DEVICE_FAMILY = "1,2";
				TEST_HOST = "$(BUILT_PRODUCTS_DIR)/jiujiu.app/$(BUNDLE_EXECUTABLE_FOLDER_PATH)/jiujiu";
			};
			name = Release;
		};
		B8B7EACC28FA22DA00FB36B9 /* Debug */ = {
			isa = XCBuildConfiguration;
			buildSettings = {
				ALWAYS_EMBED_SWIFT_STANDARD_LIBRARIES = YES;
				CODE_SIGN_STYLE = Automatic;
				CURRENT_PROJECT_VERSION = 1;
				DEVELOPMENT_TEAM = 6QR5LVZHPD;
				GENERATE_INFOPLIST_FILE = YES;
				MARKETING_VERSION = 1.0;
				PRODUCT_BUNDLE_IDENTIFIER = com.baoluy.jiujiuUITests;
				PRODUCT_NAME = "$(TARGET_NAME)";
				SWIFT_EMIT_LOC_STRINGS = NO;
				SWIFT_VERSION = 5.0;
				TARGETED_DEVICE_FAMILY = "1,2";
				TEST_TARGET_NAME = jiujiu;
			};
			name = Debug;
		};
		B8B7EACD28FA22DA00FB36B9 /* Release */ = {
			isa = XCBuildConfiguration;
			buildSettings = {
				ALWAYS_EMBED_SWIFT_STANDARD_LIBRARIES = YES;
				CODE_SIGN_STYLE = Automatic;
				CURRENT_PROJECT_VERSION = 1;
				DEVELOPMENT_TEAM = 6QR5LVZHPD;
				GENERATE_INFOPLIST_FILE = YES;
				MARKETING_VERSION = 1.0;
				PRODUCT_BUNDLE_IDENTIFIER = com.baoluy.jiujiuUITests;
				PRODUCT_NAME = "$(TARGET_NAME)";
				SWIFT_EMIT_LOC_STRINGS = NO;
				SWIFT_VERSION = 5.0;
				TARGETED_DEVICE_FAMILY = "1,2";
				TEST_TARGET_NAME = jiujiu;
			};
			name = Release;
		};
/* End XCBuildConfiguration section */

/* Begin XCConfigurationList section */
		B8B7EA9628FA22D800FB36B9 /* Build configuration list for PBXProject "jiujiu" */ = {
			isa = XCConfigurationList;
			buildConfigurations = (
				B8B7EAC328FA22DA00FB36B9 /* Debug */,
				B8B7EAC428FA22DA00FB36B9 /* Release */,
			);
			defaultConfigurationIsVisible = 0;
			defaultConfigurationName = Release;
		};
		B8B7EAC528FA22DA00FB36B9 /* Build configuration list for PBXNativeTarget "jiujiu" */ = {
			isa = XCConfigurationList;
			buildConfigurations = (
				B8B7EAC628FA22DA00FB36B9 /* Debug */,
				B8B7EAC728FA22DA00FB36B9 /* Release */,
			);
			defaultConfigurationIsVisible = 0;
			defaultConfigurationName = Release;
		};
		B8B7EAC828FA22DA00FB36B9 /* Build configuration list for PBXNativeTarget "jiujiuTests" */ = {
			isa = XCConfigurationList;
			buildConfigurations = (
				B8B7EAC928FA22DA00FB36B9 /* Debug */,
				B8B7EACA28FA22DA00FB36B9 /* Release */,
			);
			defaultConfigurationIsVisible = 0;
			defaultConfigurationName = Release;
		};
		B8B7EACB28FA22DA00FB36B9 /* Build configuration list for PBXNativeTarget "jiujiuUITests" */ = {
			isa = XCConfigurationList;
			buildConfigurations = (
				B8B7EACC28FA22DA00FB36B9 /* Debug */,
				B8B7EACD28FA22DA00FB36B9 /* Release */,
			);
			defaultConfigurationIsVisible = 0;
			defaultConfigurationName = Release;
		};
/* End XCConfigurationList section */
	};
	rootObject = B8B7EA9328FA22D800FB36B9 /* Project object */;
}
